
Microsoft Visual Studio Solution File, Format Version 12.00
# Visual Studio 15
VisualStudioVersion = 15.0.26430.15
MinimumVisualStudioVersion = 10.0.40219.1
Project("{8BC9CEB8-8B4A-11D0-8D11-00A0C91BC942}") = "B_Utils", "B_Utils\B_Utils_2017.vcxproj", "{E6EB4F9E-01E0-44C9-95AF-D431FBC0211F}"
EndProject
Project("{8BC9CEB8-8B4A-11D0-8D11-00A0C91BC942}") = "C_Client", "C_Client\C_Client_2017.vcxproj", "{F9394AF3-C3A9-4F3B-8B0F-F7CFE7E99AD3}"
EndProject
Project("{8BC9CEB8-8B4A-11D0-8D11-00A0C91BC942}") = "A_SDK", "A_SDK\A_SDK_2017.vcxproj", "{83322A3F-C52F-49E6-A524-1BDAE3F287B8}"
EndProject
Global
	GlobalSection(SolutionConfigurationPlatforms) = preSolution
		Release|x64 = Release|x64
	EndGlobalSection
	GlobalSection(ProjectConfigurationPlatforms) = postSolution
		{E6EB4F9E-01E0-44C9-95AF-D431FBC0211F}.Release|x64.ActiveCfg = Release|x64
		{E6EB4F9E-01E0-44C9-95AF-D431FBC0211F}.Release|x64.Build.0 = Release|x64
		{F9394AF3-C3A9-4F3B-8B0F-F7CFE7E99AD3}.Release|x64.ActiveCfg = Release|x64
		{F9394AF3-C3A9-4F3B-8B0F-F7CFE7E99AD3}.Release|x64.Build.0 = Release|x64
		{83322A3F-C52F-49E6-A524-1BDAE3F287B8}.Release|x64.ActiveCfg = Release|x64
		{83322A3F-C52F-49E6-A524-1BDAE3F287B8}.Release|x64.Build.0 = Release|x64
	EndGlobalSection
	GlobalSection(SolutionProperties) = preSolution
		HideSolutionNode = FALSE
	EndGlobalSection
EndGlobal
