<?xml version="1.0" encoding="utf-8"?>
<Project ToolsVersion="4.0" xmlns="http://schemas.microsoft.com/developer/msbuild/2003">
  <ItemGroup>
    <ClInclude Include="..\Scene\Thing3D.h" />
    <ClInclude Include="..\Exception\AlignException.h" />
    <ClInclude Include="..\Exception\ExceptionBase.h" />
  </ItemGroup>
  <ItemGroup>
    <ClCompile Include="AlignSDK.cpp" />
    <ClCompile Include="PrecompiledHeader.cpp" />
    <ClCompile Include="..\Scene\Thing3D.cpp" />
  </ItemGroup>
</Project>